
Microsoft Visual Studio Solution File, Format Version 12.00
# Visual Studio Version 17
VisualStudioVersion = 17.7.34202.233
MinimumVisualStudioVersion = 10.0.40219.1
Project("{FAE04EC0-301F-11D3-BF4B-00C04F79EFBC}") = "CadastroMongoDB", "CadastroMongoDB.csproj", "{FFD700FE-F355-485C-8A7B-2029DC46BC21}"
EndProject
Global
	GlobalSection(SolutionConfigurationPlatforms) = preSolution
		Debug|Any CPU = Debug|Any CPU
		Release|Any CPU = Release|Any CPU
	EndGlobalSection
	GlobalSection(ProjectConfigurationPlatforms) = postSolution
		{FFD700FE-F355-485C-8A7B-2029DC46BC21}.Debug|Any CPU.ActiveCfg = Debug|Any CPU
		{FFD700FE-F355-485C-8A7B-2029DC46BC21}.Debug|Any CPU.Build.0 = Debug|Any CPU
		{FFD700FE-F355-485C-8A7B-2029DC46BC21}.Release|Any CPU.ActiveCfg = Release|Any CPU
		{FFD700FE-F355-485C-8A7B-2029DC46BC21}.Release|Any CPU.Build.0 = Release|Any CPU
	EndGlobalSection
	GlobalSection(SolutionProperties) = preSolution
		HideSolutionNode = FALSE
	EndGlobalSection
	GlobalSection(ExtensibilityGlobals) = postSolution
		SolutionGuid = {C477EA18-2FD3-4770-B150-E0C0A29CEBEC}
	EndGlobalSection
EndGlobal
